
Microsoft Visual Studio Solution File, Format Version 12.00
# Visual Studio Version 16
VisualStudioVersion = 16.0.31424.327
MinimumVisualStudioVersion = 10.0.40219.1
Project("{FAE04EC0-301F-11D3-BF4B-00C04F79EFBC}") = "InventoryManagement", "InventoryManagement\InventoryManagement.csproj", "{D2C93672-6A4F-4248-A787-851527CC8563}"
EndProject
Global
	GlobalSection(SolutionConfigurationPlatforms) = preSolution
		Debug|Any CPU = Debug|Any CPU
		Release|Any CPU = Release|Any CPU
	EndGlobalSection
	GlobalSection(ProjectConfigurationPlatforms) = postSolution
		{D2C93672-6A4F-4248-A787-851527CC8563}.Debug|Any CPU.ActiveCfg = Debug|Any CPU
		{D2C93672-6A4F-4248-A787-851527CC8563}.Debug|Any CPU.Build.0 = Debug|Any CPU
		{D2C93672-6A4F-4248-A787-851527CC8563}.Release|Any CPU.ActiveCfg = Release|Any CPU
		{D2C93672-6A4F-4248-A787-851527CC8563}.Release|Any CPU.Build.0 = Release|Any CPU
	EndGlobalSection
	GlobalSection(SolutionProperties) = preSolution
		HideSolutionNode = FALSE
	EndGlobalSection
	GlobalSection(ExtensibilityGlobals) = postSolution
		SolutionGuid = {F4E8A8BD-D033-44C4-8272-7029E075E453}
	EndGlobalSection
EndGlobal
